
Microsoft Visual Studio Solution File, Format Version 12.00
# Visual Studio Version 17
VisualStudioVersion = 17.3.32825.248
MinimumVisualStudioVersion = 10.0.40219.1
Project("{FAE04EC0-301F-11D3-BF4B-00C04F79EFBC}") = "lab3_Prog_tech", "lab3_Prog_tech\lab3_Prog_tech.csproj", "{DC255F80-160B-4367-986A-C2FF40502EC6}"
EndProject
Project("{FAE04EC0-301F-11D3-BF4B-00C04F79EFBC}") = "lab3_Prog_techTests", "lab3_Prog_techTests\lab3_Prog_techTests.csproj", "{C967301E-016C-4F5B-B95C-61075A13BD58}"
EndProject
Global
	GlobalSection(SolutionConfigurationPlatforms) = preSolution
		Debug|Any CPU = Debug|Any CPU
		Release|Any CPU = Release|Any CPU
	EndGlobalSection
	GlobalSection(ProjectConfigurationPlatforms) = postSolution
		{DC255F80-160B-4367-986A-C2FF40502EC6}.Debug|Any CPU.ActiveCfg = Debug|Any CPU
		{DC255F80-160B-4367-986A-C2FF40502EC6}.Debug|Any CPU.Build.0 = Debug|Any CPU
		{DC255F80-160B-4367-986A-C2FF40502EC6}.Release|Any CPU.ActiveCfg = Release|Any CPU
		{DC255F80-160B-4367-986A-C2FF40502EC6}.Release|Any CPU.Build.0 = Release|Any CPU
		{C967301E-016C-4F5B-B95C-61075A13BD58}.Debug|Any CPU.ActiveCfg = Debug|Any CPU
		{C967301E-016C-4F5B-B95C-61075A13BD58}.Debug|Any CPU.Build.0 = Debug|Any CPU
		{C967301E-016C-4F5B-B95C-61075A13BD58}.Release|Any CPU.ActiveCfg = Release|Any CPU
		{C967301E-016C-4F5B-B95C-61075A13BD58}.Release|Any CPU.Build.0 = Release|Any CPU
	EndGlobalSection
	GlobalSection(SolutionProperties) = preSolution
		HideSolutionNode = FALSE
	EndGlobalSection
	GlobalSection(ExtensibilityGlobals) = postSolution
		SolutionGuid = {85B20D31-EC33-47C1-8BEC-8749B12AE239}
	EndGlobalSection
EndGlobal
